
Microsoft Visual Studio Solution File, Format Version 12.00
# Visual Studio Version 16
VisualStudioVersion = 16.0.29519.87
MinimumVisualStudioVersion = 10.0.40219.1
Project("{8BC9CEB8-8B4A-11D0-8D11-00A0C91BC942}") = "Project2", "Project2\Project2.vcxproj", "{A0F0E367-BA89-47AA-9914-DD97B0EBD9A4}"
EndProject
Global
	GlobalSection(SolutionConfigurationPlatforms) = preSolution
		Debug|x64 = Debug|x64
		Debug|x86 = Debug|x86
		Release|x64 = Release|x64
		Release|x86 = Release|x86
	EndGlobalSection
	GlobalSection(ProjectConfigurationPlatforms) = postSolution
		{A0F0E367-BA89-47AA-9914-DD97B0EBD9A4}.Debug|x64.ActiveCfg = Debug|x64
		{A0F0E367-BA89-47AA-9914-DD97B0EBD9A4}.Debug|x64.Build.0 = Debug|x64
		{A0F0E367-BA89-47AA-9914-DD97B0EBD9A4}.Debug|x86.ActiveCfg = Debug|Win32
		{A0F0E367-BA89-47AA-9914-DD97B0EBD9A4}.Debug|x86.Build.0 = Debug|Win32
		{A0F0E367-BA89-47AA-9914-DD97B0EBD9A4}.Release|x64.ActiveCfg = Release|x64
		{A0F0E367-BA89-47AA-9914-DD97B0EBD9A4}.Release|x64.Build.0 = Release|x64
		{A0F0E367-BA89-47AA-9914-DD97B0EBD9A4}.Release|x86.ActiveCfg = Release|Win32
		{A0F0E367-BA89-47AA-9914-DD97B0EBD9A4}.Release|x86.Build.0 = Release|Win32
	EndGlobalSection
	GlobalSection(SolutionProperties) = preSolution
		HideSolutionNode = FALSE
	EndGlobalSection
	GlobalSection(ExtensibilityGlobals) = postSolution
		SolutionGuid = {FF4DEB1E-9324-431C-A46E-D87035C7A10E}
	EndGlobalSection
EndGlobal
